
Microsoft Visual Studio Solution File, Format Version 12.00
# Visual Studio Version 17
VisualStudioVersion = 17.14.36429.23 d17.14
MinimumVisualStudioVersion = 10.0.40219.1
Project("{FAE04EC0-301F-11D3-BF4B-00C04F79EFBC}") = "ChatLib", "ChatLib.csproj", "{EF7AA9A5-349B-48ED-B84C-5D54DA4150AF}"
EndProject
Global
	GlobalSection(SolutionConfigurationPlatforms) = preSolution
		Debug|Any CPU = Debug|Any CPU
		Release|Any CPU = Release|Any CPU
	EndGlobalSection
	GlobalSection(ProjectConfigurationPlatforms) = postSolution
		{EF7AA9A5-349B-48ED-B84C-5D54DA4150AF}.Debug|Any CPU.ActiveCfg = Debug|Any CPU
		{EF7AA9A5-349B-48ED-B84C-5D54DA4150AF}.Debug|Any CPU.Build.0 = Debug|Any CPU
		{EF7AA9A5-349B-48ED-B84C-5D54DA4150AF}.Release|Any CPU.ActiveCfg = Release|Any CPU
		{EF7AA9A5-349B-48ED-B84C-5D54DA4150AF}.Release|Any CPU.Build.0 = Release|Any CPU
	EndGlobalSection
	GlobalSection(SolutionProperties) = preSolution
		HideSolutionNode = FALSE
	EndGlobalSection
	GlobalSection(ExtensibilityGlobals) = postSolution
		SolutionGuid = {407B9768-45BC-49B8-A6F3-1155D5C058CF}
	EndGlobalSection
EndGlobal
